{
  "requires": true,
  "lockfileVersion": 1,
  "dependencies": {
    "ogl": {
      "version": "0.0.81",
      "resolved": "https://registry.npmjs.org/ogl/-/ogl-0.0.81.tgz",
      "integrity": "sha512-w7aEUXgqaFfoiflMWdofWEGa7mgfixVJ/V2BCn7vT1O7cKiwhjpCvH77NkuV8PsN/UebxF/EJPUAvDRcdACLlw=="
    }
  }
}
